
Microsoft Visual Studio Solution File, Format Version 12.00
# Visual Studio Version 16
VisualStudioVersion = 16.0.33927.289
MinimumVisualStudioVersion = 10.0.40219.1
Project("{FAE04EC0-301F-11D3-BF4B-00C04F79EFBC}") = "ToolsForWin", "ToolsForWin\ToolsForWin.csproj", "{750A7AE9-F40A-4502-8270-7085B4A2D354}"
EndProject
Global
	GlobalSection(SolutionConfigurationPlatforms) = preSolution
		Debug|Any CPU = Debug|Any CPU
		Release|Any CPU = Release|Any CPU
	EndGlobalSection
	GlobalSection(ProjectConfigurationPlatforms) = postSolution
		{750A7AE9-F40A-4502-8270-7085B4A2D354}.Debug|Any CPU.ActiveCfg = Debug|Any CPU
		{750A7AE9-F40A-4502-8270-7085B4A2D354}.Debug|Any CPU.Build.0 = Debug|Any CPU
		{750A7AE9-F40A-4502-8270-7085B4A2D354}.Release|Any CPU.ActiveCfg = Release|Any CPU
		{750A7AE9-F40A-4502-8270-7085B4A2D354}.Release|Any CPU.Build.0 = Release|Any CPU
	EndGlobalSection
	GlobalSection(SolutionProperties) = preSolution
		HideSolutionNode = FALSE
	EndGlobalSection
	GlobalSection(ExtensibilityGlobals) = postSolution
		SolutionGuid = {BF92A6EA-C794-4260-A4A5-32A09447A54A}
	EndGlobalSection
EndGlobal
